
Microsoft Visual Studio Solution File, Format Version 12.00
# Visual Studio Version 17
VisualStudioVersion = 17.9.34701.34
MinimumVisualStudioVersion = 10.0.40219.1
Project("{9A19103F-16F7-4668-BE54-9A1E7A4F7556}") = "HospitalManagementSystem", "HospitalManagementSystem.csproj", "{FFD079C1-64E4-47D2-958C-D8B394CA44A1}"
EndProject
Global
	GlobalSection(SolutionConfigurationPlatforms) = preSolution
		Debug|Any CPU = Debug|Any CPU
		Release|Any CPU = Release|Any CPU
	EndGlobalSection
	GlobalSection(ProjectConfigurationPlatforms) = postSolution
		{FFD079C1-64E4-47D2-958C-D8B394CA44A1}.Debug|Any CPU.ActiveCfg = Debug|Any CPU
		{FFD079C1-64E4-47D2-958C-D8B394CA44A1}.Debug|Any CPU.Build.0 = Debug|Any CPU
		{FFD079C1-64E4-47D2-958C-D8B394CA44A1}.Release|Any CPU.ActiveCfg = Release|Any CPU
		{FFD079C1-64E4-47D2-958C-D8B394CA44A1}.Release|Any CPU.Build.0 = Release|Any CPU
	EndGlobalSection
	GlobalSection(SolutionProperties) = preSolution
		HideSolutionNode = FALSE
	EndGlobalSection
	GlobalSection(ExtensibilityGlobals) = postSolution
		SolutionGuid = {2F3266B3-2F68-4F26-BD7D-BE5CCA73E22E}
	EndGlobalSection
EndGlobal
